
Microsoft Visual Studio Solution File, Format Version 12.00
# Visual Studio 15
VisualStudioVersion = 15.0.28307.645
MinimumVisualStudioVersion = 10.0.40219.1
Project("{FAE04EC0-301F-11D3-BF4B-00C04F79EFBC}") = "dbzdnd", "dbzdnd\dbzdnd.csproj", "{EDCC6288-DEC6-46C4-8B6B-1B1ADCA57041}"
EndProject
Global
	GlobalSection(SolutionConfigurationPlatforms) = preSolution
		Debug|Any CPU = Debug|Any CPU
		Release|Any CPU = Release|Any CPU
	EndGlobalSection
	GlobalSection(ProjectConfigurationPlatforms) = postSolution
		{EDCC6288-DEC6-46C4-8B6B-1B1ADCA57041}.Debug|Any CPU.ActiveCfg = Debug|Any CPU
		{EDCC6288-DEC6-46C4-8B6B-1B1ADCA57041}.Debug|Any CPU.Build.0 = Debug|Any CPU
		{EDCC6288-DEC6-46C4-8B6B-1B1ADCA57041}.Release|Any CPU.ActiveCfg = Release|Any CPU
		{EDCC6288-DEC6-46C4-8B6B-1B1ADCA57041}.Release|Any CPU.Build.0 = Release|Any CPU
	EndGlobalSection
	GlobalSection(SolutionProperties) = preSolution
		HideSolutionNode = FALSE
	EndGlobalSection
	GlobalSection(ExtensibilityGlobals) = postSolution
		SolutionGuid = {0059840C-E3B9-492B-9310-5DAE2E47E295}
	EndGlobalSection
EndGlobal
