
Microsoft Visual Studio Solution File, Format Version 12.00
# Visual Studio 15
VisualStudioVersion = 15.0.28307.421
MinimumVisualStudioVersion = 10.0.40219.1
Project("{FAE04EC0-301F-11D3-BF4B-00C04F79EFBC}") = "dndServer", "dndServer\dndServer.csproj", "{8D23A716-6564-47A9-82E7-6C99CC7B97A0}"
EndProject
Global
	GlobalSection(SolutionConfigurationPlatforms) = preSolution
		Debug|Any CPU = Debug|Any CPU
		Release|Any CPU = Release|Any CPU
	EndGlobalSection
	GlobalSection(ProjectConfigurationPlatforms) = postSolution
		{8D23A716-6564-47A9-82E7-6C99CC7B97A0}.Debug|Any CPU.ActiveCfg = Debug|Any CPU
		{8D23A716-6564-47A9-82E7-6C99CC7B97A0}.Debug|Any CPU.Build.0 = Debug|Any CPU
		{8D23A716-6564-47A9-82E7-6C99CC7B97A0}.Release|Any CPU.ActiveCfg = Release|Any CPU
		{8D23A716-6564-47A9-82E7-6C99CC7B97A0}.Release|Any CPU.Build.0 = Release|Any CPU
	EndGlobalSection
	GlobalSection(SolutionProperties) = preSolution
		HideSolutionNode = FALSE
	EndGlobalSection
	GlobalSection(ExtensibilityGlobals) = postSolution
		SolutionGuid = {74903DF4-F3D1-43D5-98AF-5F777D7962A2}
	EndGlobalSection
EndGlobal
